Microsoft Visual Studio Solution File, Format Version 11.00
# Visual Studio 2008

Project("{9F93064B-F022-C152-561B-F8261ECEE84C}") = "AR_BallGameCardboard", "Assembly-CSharp.csproj", "{6259E4F9-2232-9A1A-EC3C-90BAD6A52AC4}"
EndProject
Project("{9F93064B-F022-C152-561B-F8261ECEE84C}") = "AR_BallGameCardboard", "Assembly-CSharp-Editor.csproj", "{5F2E7D7F-BA40-E392-7EF1-A3D39074EE0C}"
EndProject
Global
	GlobalSection(SolutionConfigurationPlatforms) = preSolution
		Debug|Any CPU = Debug|Any CPU
		Release|Any CPU = Release|Any CPU
	EndGlobalSection
	GlobalSection(ProjectConfigurationPlatforms) = postSolution
		{6259E4F9-2232-9A1A-EC3C-90BAD6A52AC4}.Debug|Any CPU.ActiveCfg = Debug|Any CPU
		{6259E4F9-2232-9A1A-EC3C-90BAD6A52AC4}.Debug|Any CPU.Build.0 = Debug|Any CPU
		{6259E4F9-2232-9A1A-EC3C-90BAD6A52AC4}.Release|Any CPU.ActiveCfg = Release|Any CPU
		{6259E4F9-2232-9A1A-EC3C-90BAD6A52AC4}.Release|Any CPU.Build.0 = Release|Any CPU
		{5F2E7D7F-BA40-E392-7EF1-A3D39074EE0C}.Debug|Any CPU.ActiveCfg = Debug|Any CPU
		{5F2E7D7F-BA40-E392-7EF1-A3D39074EE0C}.Debug|Any CPU.Build.0 = Debug|Any CPU
		{5F2E7D7F-BA40-E392-7EF1-A3D39074EE0C}.Release|Any CPU.ActiveCfg = Release|Any CPU
		{5F2E7D7F-BA40-E392-7EF1-A3D39074EE0C}.Release|Any CPU.Build.0 = Release|Any CPU
	EndGlobalSection
	GlobalSection(SolutionProperties) = preSolution
		HideSolutionNode = FALSE
	EndGlobalSection
	GlobalSection(MonoDevelopProperties) = preSolution
		StartupItem = Assembly-CSharp.csproj
	EndGlobalSection
EndGlobal
